
Microsoft Visual Studio Solution File, Format Version 12.00
# Visual Studio Version 17
VisualStudioVersion = 17.10.35122.118
MinimumVisualStudioVersion = 10.0.40219.1
Project("{FAE04EC0-301F-11D3-BF4B-00C04F79EFBC}") = "DailyTrackerApp", "DailyTrackerApp.csproj", "{849E4F59-32BC-46AA-AC35-68AAF54AE9D7}"
EndProject
Global
	GlobalSection(SolutionConfigurationPlatforms) = preSolution
		Debug|Any CPU = Debug|Any CPU
		Release|Any CPU = Release|Any CPU
	EndGlobalSection
	GlobalSection(ProjectConfigurationPlatforms) = postSolution
		{849E4F59-32BC-46AA-AC35-68AAF54AE9D7}.Debug|Any CPU.ActiveCfg = Debug|Any CPU
		{849E4F59-32BC-46AA-AC35-68AAF54AE9D7}.Debug|Any CPU.Build.0 = Debug|Any CPU
		{849E4F59-32BC-46AA-AC35-68AAF54AE9D7}.Release|Any CPU.ActiveCfg = Release|Any CPU
		{849E4F59-32BC-46AA-AC35-68AAF54AE9D7}.Release|Any CPU.Build.0 = Release|Any CPU
	EndGlobalSection
	GlobalSection(SolutionProperties) = preSolution
		HideSolutionNode = FALSE
	EndGlobalSection
	GlobalSection(ExtensibilityGlobals) = postSolution
		SolutionGuid = {0020779B-AD08-4E7E-AC88-48B6D9AEEFEF}
	EndGlobalSection
EndGlobal
